{
  "name": "OTIAdriver--main",
  "lockfileVersion": 3,
  "requires": true,
  "packages": {
    "": {
      "dependencies": {
        "@next/mdx": "^16.0.3"
      }
    },
    "node_modules/@next/mdx": {
      "version": "16.0.3",
      "resolved": "https://registry.npmjs.org/@next/mdx/-/mdx-16.0.3.tgz",
      "integrity": "sha512-uVl2JSEGAjBV+EVnpt1cZN88SK3lJ2n7Fc+iqTsgVx2g9+Y6ru+P6nuUgXd38OHPUIwzL6k2V1u4iV3kwuTySQ==",
      "dependencies": {
        "source-map": "^0.7.0"
      },
      "peerDependencies": {
        "@mdx-js/loader": ">=0.15.0",
        "@mdx-js/react": ">=0.15.0"
      },
      "peerDependenciesMeta": {
        "@mdx-js/loader": {
          "optional": true
        },
        "@mdx-js/react": {
          "optional": true
        }
      }
    },
    "node_modules/source-map": {
      "version": "0.7.6",
      "resolved": "https://registry.npmjs.org/source-map/-/source-map-0.7.6.tgz",
      "integrity": "sha512-i5uvt8C3ikiWeNZSVZNWcfZPItFQOsYTUAOkcUPGd8DqDy1uOUikjt5dG+uRlwyvR108Fb9DOd4GvXfT0N2/uQ==",
      "engines": {
        "node": ">= 12"
      }
    }
  }
}
